
Microsoft Visual Studio Solution File, Format Version 12.00
# Visual Studio Version 17
VisualStudioVersion = 17.5.33516.290
MinimumVisualStudioVersion = 10.0.40219.1
Project("{FAE04EC0-301F-11D3-BF4B-00C04F79EFBC}") = "API", "API.csproj", "{51BCAA3C-3272-46DE-8D46-A742D9E1ADAC}"
EndProject
Global
	GlobalSection(SolutionConfigurationPlatforms) = preSolution
		Debug|Any CPU = Debug|Any CPU
		Release|Any CPU = Release|Any CPU
	EndGlobalSection
	GlobalSection(ProjectConfigurationPlatforms) = postSolution
		{51BCAA3C-3272-46DE-8D46-A742D9E1ADAC}.Debug|Any CPU.ActiveCfg = Debug|Any CPU
		{51BCAA3C-3272-46DE-8D46-A742D9E1ADAC}.Debug|Any CPU.Build.0 = Debug|Any CPU
		{51BCAA3C-3272-46DE-8D46-A742D9E1ADAC}.Release|Any CPU.ActiveCfg = Release|Any CPU
		{51BCAA3C-3272-46DE-8D46-A742D9E1ADAC}.Release|Any CPU.Build.0 = Release|Any CPU
	EndGlobalSection
	GlobalSection(SolutionProperties) = preSolution
		HideSolutionNode = FALSE
	EndGlobalSection
	GlobalSection(ExtensibilityGlobals) = postSolution
		SolutionGuid = {66813D8A-3BDE-4082-B0DA-ABD7B7BC32B2}
	EndGlobalSection
EndGlobal
